
Microsoft Visual Studio Solution File, Format Version 12.00
# Visual Studio 15
VisualStudioVersion = 15.0.28307.1062
MinimumVisualStudioVersion = 10.0.40219.1
Project("{FAE04EC0-301F-11D3-BF4B-00C04F79EFBC}") = "Uso_While", "Uso_While\Uso_While.csproj", "{DF62F3E2-184C-40B9-9027-EEF3C3EC78A8}"
EndProject
Global
	GlobalSection(SolutionConfigurationPlatforms) = preSolution
		Debug|Any CPU = Debug|Any CPU
		Release|Any CPU = Release|Any CPU
	EndGlobalSection
	GlobalSection(ProjectConfigurationPlatforms) = postSolution
		{DF62F3E2-184C-40B9-9027-EEF3C3EC78A8}.Debug|Any CPU.ActiveCfg = Debug|Any CPU
		{DF62F3E2-184C-40B9-9027-EEF3C3EC78A8}.Debug|Any CPU.Build.0 = Debug|Any CPU
		{DF62F3E2-184C-40B9-9027-EEF3C3EC78A8}.Release|Any CPU.ActiveCfg = Release|Any CPU
		{DF62F3E2-184C-40B9-9027-EEF3C3EC78A8}.Release|Any CPU.Build.0 = Release|Any CPU
	EndGlobalSection
	GlobalSection(SolutionProperties) = preSolution
		HideSolutionNode = FALSE
	EndGlobalSection
	GlobalSection(ExtensibilityGlobals) = postSolution
		SolutionGuid = {040AE441-D204-4466-A093-80EE420624AB}
	EndGlobalSection
EndGlobal
