
Microsoft Visual Studio Solution File, Format Version 12.00
# Visual Studio 15
VisualStudioVersion = 15.0.28307.1062
MinimumVisualStudioVersion = 10.0.40219.1
Project("{FAE04EC0-301F-11D3-BF4B-00C04F79EFBC}") = "EjercicioWhile1", "EjercicioWhile1\EjercicioWhile1.csproj", "{06DE147C-844F-4F15-8027-D895DD5C0490}"
EndProject
Global
	GlobalSection(SolutionConfigurationPlatforms) = preSolution
		Debug|Any CPU = Debug|Any CPU
		Release|Any CPU = Release|Any CPU
	EndGlobalSection
	GlobalSection(ProjectConfigurationPlatforms) = postSolution
		{06DE147C-844F-4F15-8027-D895DD5C0490}.Debug|Any CPU.ActiveCfg = Debug|Any CPU
		{06DE147C-844F-4F15-8027-D895DD5C0490}.Debug|Any CPU.Build.0 = Debug|Any CPU
		{06DE147C-844F-4F15-8027-D895DD5C0490}.Release|Any CPU.ActiveCfg = Release|Any CPU
		{06DE147C-844F-4F15-8027-D895DD5C0490}.Release|Any CPU.Build.0 = Release|Any CPU
	EndGlobalSection
	GlobalSection(SolutionProperties) = preSolution
		HideSolutionNode = FALSE
	EndGlobalSection
	GlobalSection(ExtensibilityGlobals) = postSolution
		SolutionGuid = {7E46F315-59C6-49D9-8A60-D0F169A30099}
	EndGlobalSection
EndGlobal
