
Microsoft Visual Studio Solution File, Format Version 12.00
# Visual Studio 15
VisualStudioVersion = 15.0.28307.1062
MinimumVisualStudioVersion = 10.0.40219.1
Project("{FAE04EC0-301F-11D3-BF4B-00C04F79EFBC}") = "excepcionesIII", "excepcionesIII\excepcionesIII.csproj", "{979A86A9-EA79-4576-A571-E9F0C9B18B9D}"
EndProject
Global
	GlobalSection(SolutionConfigurationPlatforms) = preSolution
		Debug|Any CPU = Debug|Any CPU
		Release|Any CPU = Release|Any CPU
	EndGlobalSection
	GlobalSection(ProjectConfigurationPlatforms) = postSolution
		{979A86A9-EA79-4576-A571-E9F0C9B18B9D}.Debug|Any CPU.ActiveCfg = Debug|Any CPU
		{979A86A9-EA79-4576-A571-E9F0C9B18B9D}.Debug|Any CPU.Build.0 = Debug|Any CPU
		{979A86A9-EA79-4576-A571-E9F0C9B18B9D}.Release|Any CPU.ActiveCfg = Release|Any CPU
		{979A86A9-EA79-4576-A571-E9F0C9B18B9D}.Release|Any CPU.Build.0 = Release|Any CPU
	EndGlobalSection
	GlobalSection(SolutionProperties) = preSolution
		HideSolutionNode = FALSE
	EndGlobalSection
	GlobalSection(ExtensibilityGlobals) = postSolution
		SolutionGuid = {6C9BB1AF-5120-4E94-8260-57516A934F4A}
	EndGlobalSection
EndGlobal
