
Microsoft Visual Studio Solution File, Format Version 12.00
# Visual Studio 15
VisualStudioVersion = 15.0.28307.1062
MinimumVisualStudioVersion = 10.0.40219.1
Project("{FAE04EC0-301F-11D3-BF4B-00C04F79EFBC}") = "switchej2", "switchej2\switchej2.csproj", "{7A48671A-24F4-4EE5-B411-075A1D84E603}"
EndProject
Global
	GlobalSection(SolutionConfigurationPlatforms) = preSolution
		Debug|Any CPU = Debug|Any CPU
		Release|Any CPU = Release|Any CPU
	EndGlobalSection
	GlobalSection(ProjectConfigurationPlatforms) = postSolution
		{7A48671A-24F4-4EE5-B411-075A1D84E603}.Debug|Any CPU.ActiveCfg = Debug|Any CPU
		{7A48671A-24F4-4EE5-B411-075A1D84E603}.Debug|Any CPU.Build.0 = Debug|Any CPU
		{7A48671A-24F4-4EE5-B411-075A1D84E603}.Release|Any CPU.ActiveCfg = Release|Any CPU
		{7A48671A-24F4-4EE5-B411-075A1D84E603}.Release|Any CPU.Build.0 = Release|Any CPU
	EndGlobalSection
	GlobalSection(SolutionProperties) = preSolution
		HideSolutionNode = FALSE
	EndGlobalSection
	GlobalSection(ExtensibilityGlobals) = postSolution
		SolutionGuid = {AD3855B6-EFE4-4B53-B832-52E401C8A4A5}
	EndGlobalSection
EndGlobal
